{
  "originHash" : "c8b66b4e2b7cd351463754941553f45564910de2a52daa17824971470c3cb496",
  "pins" : [
    {
      "identity" : "get",
      "kind" : "remoteSourceControl",
      "location" : "https://github.com/avgx/Get",
      "state" : {
        "branch" : "main",
        "revision" : "f04ba06154bb8b4df2a88141b72974cbbb7d441e"
      }
    },
    {
      "identity" : "pulse",
      "kind" : "remoteSourceControl",
      "location" : "https://github.com/avgx/Pulse.git",
      "state" : {
        "branch" : "main",
        "revision" : "bb44a04507b463fc5f28c73871703d854a23a2ae"
      }
    },
    {
      "identity" : "safariservicesui",
      "kind" : "remoteSourceControl",
      "location" : "https://github.com/avgx/SafariServicesUI",
      "state" : {
        "branch" : "main",
        "revision" : "f3b7cd5eecf765434f3143d1f418b8683115d22c"
      }
    },
    {
      "identity" : "swift-log",
      "kind" : "remoteSourceControl",
      "location" : "https://github.com/apple/swift-log.git",
      "state" : {
        "revision" : "ce592ae52f982c847a4efc0dd881cc9eb32d29f2",
        "version" : "1.6.4"
      }
    }
  ],
  "version" : 3
}
